#MicroXplorer Configuration settings - do not modify
RCC.DFSDMCLockSelection=RCC_DFSDM1CLKSOURCE_D2PCLK1
VP_TIM5_VS_ClockSourceINT.Mode=Internal
USART2.IPParameters=VirtualMode-Asynchronous
PE14.GPIO_Speed=GPIO_SPEED_FREQ_HIGH
SPI4.VirtualType=VM_MASTER
FATFS._USE_LFN=3
PE11.GPIOParameters=GPIO_Speed,GPIO_Label,PinAttribute
SPI1.VirtualType=VM_MASTER
SPI2.VirtualType=VM_MASTER
PB10.Mode=TX_Only_Simplex_Unidirect_Master
VP_TIM5_VS_ClockSourceINT.Signal=TIM5_VS_ClockSourceINT
TIM1.IPParameters=OCNPolarity_2,Prescaler,Period,Channel-PWM Generation2 CH2N
RCC.PLL2_VCI_Range-AdvancedSettings=RCC_PLL2VCIRANGE_0
PC12.Signal=SDMMC1_CK
RCC.RTCFreq_Value=32000
PC0.GPIO_ModeDefaultOutputPP=GPIO_MODE_OUTPUT_OD
RCC.PLLDSIFreq_Value=500000000
PB6.GPIO_Label=T_IRQ
RCC.CpuClockFreq_Value=478125000
NVIC.OTG_FS_EP1_IN_IRQn=true\:5\:0\:false\:false\:true\:true\:true\:true
USART1.IPParameters=VirtualMode-Asynchronous
PB3\ (JTDO/TRACESWO).GPIOParameters=GPIO_Label
VP_TIM8_VS_ClockSourceINT.Signal=TIM8_VS_ClockSourceINT
PA2.GPIOParameters=GPIO_Speed,GPIO_Label,PinAttribute
PinOutPanel.RotationAngle=0
RCC.MCO1PinFreq_Value=64000000
RCC.SYSCLKSource=RCC_SYSCLKSOURCE_PLLCLK
RCC.AHB4Freq_Value=239062500
RCC.SPI123CLockSelection=RCC_SPI123CLKSOURCE_PLL2
RCC.LPTIM1Freq_Value=119531250
NVIC.SVCall_IRQn=true\:0\:0\:false\:false\:false\:false\:false\:false
NVIC.SDMMC1_IRQn=true\:5\:0\:false\:false\:true\:true\:true\:true
PA14\ (JTCK/SWCLK).Signal=DEBUG_JTCK-SWCLK
PA4.Mode=NSS_Signal_Hard_Output
RCC.I2C4CLockSelection=RCC_I2C4CLKSOURCE_D3PCLK1
RCC.PLL3_VCI_Range=RCC_PLL3VCIRANGE_0
NVIC.TIM5_IRQn=true\:5\:0\:false\:false\:true\:true\:true\:true
RCC.RCC_MCO2Source=RCC_MCO2SOURCE_SYSCLK
RCC.ADCCLockSelection=RCC_ADCCLKSOURCE_PLL2
SPI1.Direction=SPI_DIRECTION_2LINES_TXONLY
RCC.I2C4Freq_Value=119531250
TIM2.IPParameters=Prescaler,Period,AutoReloadPreload
PB6.Signal=GPIO_Input
RCC.DIVQ3Freq_Value=18750000
SPI1.CalculateBaudRate=18.75 MBits/s
PE10.Locked=true
SH.ADCx_INP4.0=ADC1_INP4,IN4-Differential
PE14.Locked=true
ProjectManager.ProjectBuild=false
NVIC.UsageFault_IRQn=true\:0\:0\:false\:false\:true\:false\:false\:false
USB_OTG_FS.phy_itface=HCD_PHY_EMBEDDED
RCC.I2C123CLockSelection=RCC_I2C123CLKSOURCE_D2PCLK1
RCC.DIVM3=2
RCC.DIVM2=2
RCC.DIVM1=4
ProjectManager.FirmwarePackage=STM32Cube FW_H7 V1.9.0
MxDb.Version=DB.6.0.21
PC2_C.GPIO_Speed=GPIO_SPEED_FREQ_HIGH
PA1.GPIOParameters=GPIO_Speed,PinState,GPIO_Label
ProjectManager.BackupPrevious=false
RCC.FMCFreq_Value=239062500
RCC.SAI1CLockSelection=RCC_SAI1CLKSOURCE_PLL
PB1.GPIO_Speed=GPIO_SPEED_FREQ_HIGH
RCC.LPTIM345CLockSelection=RCC_LPTIM345CLKSOURCE_D3PCLK1
PB14.Mode=Asynchronous
RCC.SPDIFCLockSelection=RCC_SPDIFRXCLKSOURCE_PLL
PB1.GPIO_Label=TFT_RESET
RCC.USART16Freq_Value=18750000
SPI1.DataSize=SPI_DATASIZE_8BIT
PC9.Mode=SD_4_bits_Wide_bus
SPI2.CalculateBaudRate=585.937 KBits/s
PA14\ (JTCK/SWCLK).Mode=Serial_Wire
SPI1.VirtualNSS=VM_NSSHARD
PB6.Locked=true
NVIC.PendSV_IRQn=true\:15\:0\:false\:false\:false\:true\:false\:false
RCC.PLL2_VCO_SEL-AdvancedSettings=RCC_PLL2VCOMEDIUM
RCC.DSI_PHY_VALUE=12288000
RCC.DIVR2Freq_Value=9375000
PE10.Signal=TIM1_CH2N
RCC.CKPERSourceSelection=RCC_CLKPSOURCE_HSI
RCC.SAI23CLockSelection=RCC_SAI23CLKSOURCE_PLL
ProjectManager.HalAssertFull=false
RCC.DIVP2Freq_Value=37500000
PA0.Signal=S_TIM2_ETR
SH.ADCx_INP4.ConfNb=1
RCC.MCO2PinFreq_Value=478125000
Mcu.Package=LQFP100
TIM2.Prescaler=0
PB1.Signal=GPIO_Output
NVIC.TimeBase=TIM4_IRQn
SPI2.Mode=SPI_MODE_MASTER
PD5.GPIOParameters=PinAttribute
NVIC.TimeBaseIP=TIM4
PC3_C.GPIO_Label=ADF4351_CE
PC3_C.GPIO_Speed=GPIO_SPEED_FREQ_HIGH
RCC.DFSDMFreq_Value=119531250
PA1.PinState=GPIO_PIN_SET
PA5.GPIOParameters=GPIO_Speed
PE12.GPIO_Speed=GPIO_SPEED_FREQ_HIGH
PC11.Mode=SD_4_bits_Wide_bus
PC14-OSC32_IN\ (OSC32_IN).Mode=LSE-External-Oscillator
RCC.TraceFreq_Value=478125000
RCC.APB4Freq_Value=119531250
RCC.CECFreq_Value=32000
RCC.SAI23Freq_Value=39843750
RCC.FDCANCLockSelection=RCC_FDCANCLKSOURCE_PLL
NVIC.BusFault_IRQn=true\:0\:0\:false\:false\:true\:false\:false\:false
RCC.LPUART1Freq_Value=119531250
TIM1.Period=1000-1
USB_OTG_FS.IPParameters=VirtualMode,phy_itface
PB10.GPIOParameters=GPIO_Speed
PA12.GPIO_PuPd=GPIO_NOPULL
VP_LIBJPEG_VS_JPEGLIB.Mode=Enabled
PD5.Locked=true
RCC.DSIPHYCLKFreq_Value=96000000
PH0-OSC_IN\ (PH0).Mode=HSE-External-Oscillator
ProjectManager.CustomerFirmwarePackage=
RCC.PLLDSIDev=2
RCC.VCO3OutputFreq_Value=150000000
PA5.Mode=TX_Only_Simplex_Unidirect_Master
PE12.Mode=Simplex_Bidirectional_Master
PD6.GPIOParameters=PinAttribute
ProjectManager.ProjectFileName=Chisys.ioc
RCC.DIVQ3=8
RCC.DIVQ1=24
FREERTOS.Tasks01=defaultTask,24,128,StartDefaultTask,Default,NULL,Dynamic,NULL,NULL
TIM5.IPParameters=AutoReloadPreload,Prescaler,Period
Mcu.PinsNb=52
RCC.DSICLockSelection=RCC_DSICLKSOURCE_PHY
PE11.GPIO_Speed=GPIO_SPEED_FREQ_VERY_HIGH
ADC1.IPParameters=Rank-1\#ChannelRegularConversion,master,Channel-1\#ChannelRegularConversion,SingleDiff-1\#ChannelRegularConversion,SamplingTime-1\#ChannelRegularConversion,OffsetNumber-1\#ChannelRegularConversion,OffsetSignedSaturation-1\#ChannelRegularConversion,NbrOfConversionFlag
PC13.Locked=true
PC13.Signal=GPIO_Input
RCC.SWPMI1Freq_Value=119531250
PB6.GPIO_PuPd=GPIO_PULLUP
PE10.Mode=PWM Generation2 CH2N
PB11.GPIO_Label=SD_DETECT
RCC.DIVP2=4
PC0.Signal=GPIO_Output
PB14.Locked=true
RCC.QSPIFreq_Value=239062500
PD6.Mode=Asynchronous
SH.ADCx_INN4.ConfNb=1
RCC.WatchDogFreq_Value=32000
PA0.GPIO_Speed=GPIO_SPEED_FREQ_VERY_HIGH
RCC.D1CPREFreq_Value=478125000
RCC.USART234578Freq_Value=18750000
RCC.Tim1OutputFreq_Value=239062500
RCC.SPI123Freq_Value=37500000
PA2.PinAttribute=Free
Mcu.Pin51=VP_TIM8_VS_ClockSourceINT
PC3_C.GPIOParameters=GPIO_Speed,GPIO_Label
VP_CRC_VS_CRC.Signal=CRC_VS_CRC
Mcu.Pin50=VP_TIM5_VS_ClockSourceINT
RCC.PLLDSIVCOFreq_Value=500000000
RCC.DIVN3=12
RCC.CECCLockSelection=RCC_CECCLKSOURCE_LSI
RCC.DIVN2=12
RCC.DIVN1=153
PB11.GPIOParameters=GPIO_PuPd,GPIO_Label
PB5.Locked=true
VP_TIM8_VS_ClockSourceINT.Mode=Internal
Mcu.Pin48=VP_LIBJPEG_VS_JPEGLIB
Mcu.Pin49=VP_SYS_VS_tim4
Mcu.Pin46=VP_FATFS_VS_Generic
Mcu.Pin47=VP_FREERTOS_VS_CMSIS_V2
PB10.Signal=SPI2_SCK
PB14.Signal=USART1_TX
PA5.Signal=SPI1_SCK
Mcu.Pin40=PB3 (JTDO/TRACESWO)
Mcu.Pin41=PB4 (NJTRST)
PE13.GPIOParameters=GPIO_Speed,GPIO_Label,PinAttribute
PC12.Mode=SD_4_bits_Wide_bus
Mcu.Pin44=PB7
Mcu.Pin45=VP_CRC_VS_CRC
Mcu.Pin42=PB5
Mcu.Pin43=PB6
ProjectManager.LastFirmware=true
PA7.GPIO_Speed=GPIO_SPEED_FREQ_VERY_HIGH
PC2_C.GPIO_Label=ADF4351_LE
RCC.AHB12Freq_Value=239062500
PE14.Signal=SPI4_MOSI
RCC.RNGCLockSelection=RCC_RNGCLKSOURCE_HSI48
Mcu.Pin37=PD2
Mcu.Pin38=PD5
Mcu.Pin35=PC11
Mcu.Pin36=PC12
RCC.FMCCLockSelection=RCC_FMCCLKSOURCE_D1HCLK
SPI1.Mode=SPI_MODE_MASTER
Mcu.Pin39=PD6
RCC.RNGFreq_Value=48000000
Mcu.Pin30=PA11
PA1.GPIO_Label=TFT_LED
Mcu.Pin33=PA14 (JTCK/SWCLK)
Mcu.Pin34=PC10
Mcu.Pin31=PA12
PC1.GPIO_Speed=GPIO_SPEED_FREQ_HIGH
Mcu.Pin32=PA13 (JTMS/SWDIO)
NVIC.NonMaskableInt_IRQn=true\:0\:0\:false\:false\:true\:false\:false\:false
TIM2.Period=4294967295
ProjectManager.FreePins=false
RCC.LPTIM2Freq_Value=119531250
Mcu.Pin26=PB14
Mcu.Pin27=PB15
Mcu.Pin24=PB10
ProjectManager.UnderRoot=true
SH.ADCx_INN4.0=ADC1_INN4,IN4-Differential
PE13.Locked=true
Mcu.Pin25=PB11
CORTEX_M7.IPParameters=CPU_ICache,CPU_DCache,MPU_Control
TIM8.Period=1000-1
Mcu.Pin28=PC8
Mcu.Pin29=PC9
PC8.Mode=SD_4_bits_Wide_bus
PA4.Signal=SPI1_NSS
ADC1.SamplingTime-1\#ChannelRegularConversion=ADC_SAMPLETIME_8CYCLES_5
PB5.Signal=GPIO_Input
Mcu.Pin22=PE13
Mcu.Pin23=PE14
Mcu.Pin20=PE11
ADC1.master=1
RCC.Spi45ClockSelection=RCC_SPI45CLKSOURCE_PLL3
Mcu.Pin21=PE12
PE13.GPIO_Label=LCD_WR_RS
NVIC.ForceEnableDMAVector=true
PB5.GPIO_PuPd=GPIO_PULLUP
NVIC.MemoryManagement_IRQn=true\:0\:0\:false\:false\:true\:false\:false\:false
ProjectManager.CompilerOptimize=6
ADC1.Rank-1\#ChannelRegularConversion=1
PA11.Signal=USB_OTG_FS_DM
ProjectManager.HeapSize=0x600
PA0.GPIOParameters=GPIO_Speed,GPIO_PuPd
Mcu.Pin15=PA7
NVIC.HardFault_IRQn=true\:0\:0\:false\:false\:true\:false\:false\:false
Mcu.Pin16=PC4
Mcu.Pin13=PA4
Mcu.Pin14=PA5
VP_SYS_VS_tim4.Mode=TIM4
Mcu.Pin19=PE10
RCC.LPTIM345Freq_Value=119531250
ProjectManager.ComputerToolchain=false
Mcu.Pin17=PC5
Mcu.Pin18=PB1
RCC.LTDCFreq_Value=75000000
NVIC.PriorityGroup=NVIC_PRIORITYGROUP_4
RCC.USART234578CLockSelection=RCC_USART234578CLKSOURCE_PLL3
Mcu.Pin11=PA1
Mcu.Pin12=PA2
Mcu.Pin10=PA0
PE3.Signal=GPIO_Output
TIM2.AutoReloadPreload=TIM_AUTORELOAD_PRELOAD_ENABLE
SPI2.DataSize=SPI_DATASIZE_8BIT
PB4\ (NJTRST).GPIO_Label=T_DIN
PE12.GPIOParameters=GPIO_Speed,PinAttribute
PD2.Signal=SDMMC1_CMD
RCC.HCLK3ClockFreq_Value=239062500
RCC.DIVR2=16
RCC.PLL2_VCI_Range=RCC_PLL2VCIRANGE_0
PA7.GPIOParameters=GPIO_Speed
PC0.Locked=true
PC1.Signal=SPI2_MOSI
PA13\ (JTMS/SWDIO).Signal=DEBUG_JTMS-SWDIO
PC1.Mode=TX_Only_Simplex_Unidirect_Master
Mcu.Family=STM32H7
RCC.DIVQ2Freq_Value=75000000
ProjectManager.MainLocation=Core/Src
ADC1.OffsetSignedSaturation-1\#ChannelRegularConversion=DISABLE
RCC.SAI1Freq_Value=39843750
RCC.CortexFreq_Value=478125000
RCC.PLLDSIIDF=DSI_PLL_IN_DIV1
ProjectManager.KeepUserCode=true
Mcu.UserName=STM32H743VITx
PB10.GPIO_Speed=GPIO_SPEED_FREQ_HIGH
RCC.HPRE=RCC_HCLK_DIV2
PH0-OSC_IN\ (PH0).Signal=RCC_OSC_IN
PE11.GPIO_Label=LCD_CS
PC10.Signal=SDMMC1_D2
PC15-OSC32_OUT\ (OSC32_OUT).Mode=LSE-External-Oscillator
SPI4.Direction=SPI_DIRECTION_1LINE
PA12.GPIOParameters=GPIO_PuPd
ProjectManager.functionlistsort=1-MX_GPIO_Init-GPIO-false-HAL-true,2-SystemClock_Config-RCC-false-HAL-false,3-MX_SDMMC1_SD_Init-SDMMC1-false-HAL-true,4-MX_SPI4_Init-SPI4-false-HAL-true,5-MX_TIM1_Init-TIM1-false-HAL-true,6-MX_USART1_UART_Init-USART1-false-HAL-true,7-MX_FATFS_Init-FATFS-false-HAL-false,8-MX_USART2_UART_Init-USART2-false-HAL-true,9-MX_SPI1_Init-SPI1-false-HAL-true,10-MX_SPI2_Init-SPI2-false-HAL-true,11-MX_TIM2_Init-TIM2-false-HAL-true,12-MX_TIM5_Init-TIM5-false-HAL-true,13-MX_ADC1_Init-ADC1-false-HAL-true,14-MX_CRC_Init-CRC-false-HAL-true,15-MX_LIBJPEG_Init-LIBJPEG-false-HAL-false,16-MX_TIM8_Init-TIM8-false-HAL-true,17-MX_USB_OTG_FS_HCD_Init-USB_OTG_FS-false-HAL-true,0-MX_CORTEX_M7_Init-CORTEX_M7-false-HAL-true
PC0.GPIOParameters=GPIO_Speed,GPIO_Label,GPIO_ModeDefaultOutputPP
PA2.GPIO_Speed=GPIO_SPEED_FREQ_VERY_HIGH
PA11.GPIOParameters=GPIO_PuPd
PC0.GPIO_Label=ADF4351_DONE
PA11.Mode=Host_Only
SDMMC1.ClockDiv=5
PD6.Locked=true
RCC.PLL1_VCO_SEL-AdvancedSettings=RCC_PLL1VCOMEDIUM
RCC.RC48_VALUE=48000000
RCC.VCO2OutputFreq_Value=150000000
PA11.GPIO_PuPd=GPIO_NOPULL
PB11.GPIO_PuPd=GPIO_PULLDOWN
PC13.GPIO_Label=KEY
PB11.Signal=GPIO_Input
PB15.Signal=USART1_RX
ProjectManager.StackSize=0x1000
PB5.GPIOParameters=GPIO_PuPd,GPIO_Label
RCC.DSIPHY_Div=8
VP_FREERTOS_VS_CMSIS_V2.Mode=CMSIS_V2
RCC.VCOInput3Freq_Value=12500000
Mcu.IP4=FATFS
Mcu.IP5=FREERTOS
RCC.LPUART1CLockSelection=RCC_LPUART1CLKSOURCE_D3PCLK1
Mcu.IP2=CRC
Mcu.IP3=DEBUG
Mcu.IP0=ADC1
Mcu.IP1=CORTEX_M7
PA12.Signal=USB_OTG_FS_DP
TIM1.Prescaler=12-1
Mcu.UserConstants=
SPI4.Mode=SPI_MODE_MASTER
PC1.GPIOParameters=GPIO_Speed
RCC.DIVP3Freq_Value=75000000
RCC.SDMMCFreq_Value=9375000
Mcu.ThirdPartyNb=0
RCC.HCLKFreq_Value=239062500
VP_LIBJPEG_VS_JPEGLIB.Signal=LIBJPEG_VS_JPEGLIB
Mcu.IPNb=21
ProjectManager.PreviousToolchain=
RCC.SPDIFRXFreq_Value=39843750
PE13.PinAttribute=Free
Mcu.Pin6=PC0
Mcu.Pin7=PC1
Mcu.Pin8=PC2_C
Mcu.Pin9=PC3_C
SPI4.IPParameters=VirtualType,Mode,Direction,CalculateBaudRate,DataSize
FREERTOS.IPParameters=Tasks01
PC2_C.Signal=GPIO_Output
SPI2.BaudRatePrescaler=SPI_BAUDRATEPRESCALER_64
Mcu.Pin0=PE3
Mcu.Pin1=PC13
PD5.Mode=Asynchronous
TIM8.IPParameters=Prescaler,Period
GPIO.groupedBy=Group By Peripherals
Mcu.Pin2=PC14-OSC32_IN (OSC32_IN)
RCC.HRTIMFreq_Value=239062500
Mcu.Pin3=PC15-OSC32_OUT (OSC32_OUT)
Mcu.Pin4=PH0-OSC_IN (PH0)
Mcu.Pin5=PH1-OSC_OUT (PH1)
PH1-OSC_OUT\ (PH1).Mode=HSE-External-Oscillator
RCC.DIVR3Freq_Value=75000000
RCC.HSE_VALUE=25000000
NVIC.DebugMonitor_IRQn=true\:0\:0\:false\:false\:true\:false\:false\:false
Mcu.IP10=SPI1
USART2.VirtualMode-Asynchronous=VM_ASYNC
NVIC.SysTick_IRQn=true\:15\:0\:false\:false\:false\:true\:false\:true
Mcu.IP12=SPI4
RCC.RCC_MCO1Source=RCC_MCO1SOURCE_HSI
Mcu.IP11=SPI2
RCC.LPTIM2CLockSelection=RCC_LPTIM2CLKSOURCE_D3PCLK1
Mcu.IP18=USART1
Mcu.IP17=TIM8
Mcu.IP19=USART2
RCC.DIVP1Freq_Value=478125000
Mcu.IP14=TIM1
Mcu.IP13=SYS
PE13.Signal=GPIO_Output
RCC.PLL1_VCI_Range-AdvancedSettings=RCC_PLL1VCIRANGE_0
Mcu.IP16=TIM5
Mcu.IP15=TIM2
File.Version=6
PC13.GPIO_PuPd=GPIO_PULLDOWN
PE3.GPIOParameters=GPIO_Label
PE3.Locked=true
PB7.Signal=GPIO_Output
Mcu.IP20=USB_OTG_FS
PB6.GPIOParameters=GPIO_PuPd,GPIO_Label
PC2_C.Locked=true
ProjectManager.ProjectName=Chisys
RCC.FLatency-AdvancedSettings=FLASH_LATENCY_0
RCC.APB3Freq_Value=119531250
PB1.PinState=GPIO_PIN_SET
PB7.GPIO_Label=T_CS
PB4\ (NJTRST).Locked=true
RCC.SAI4ACLockSelection=RCC_SAI4ACLKSOURCE_PLL
VP_FATFS_VS_Generic.Signal=FATFS_VS_Generic
RCC.D1PPRE=RCC_APB3_DIV2
RCC.SDMMC1CLockSelection=RCC_SDMMCCLKSOURCE_PLL2
NVIC.OTG_FS_IRQn=true\:5\:0\:false\:false\:true\:true\:true\:true
PA0.GPIO_PuPd=GPIO_PULLUP
ProjectManager.ToolChainLocation=
PA2.GPIO_Label=TFT_DC
RCC.LSI_VALUE=32000
RCC.DSIFreq_Value=96000000
USB_OTG_FS.VirtualMode=Host_Only
ADC1.OffsetNumber-1\#ChannelRegularConversion=ADC_OFFSET_NONE
RCC.DIVR1Freq_Value=478125000
TIM8.Prescaler=2400-1
FATFS._FS_LOCK=5
TIM1.Channel-PWM\ Generation2\ CH2N=TIM_CHANNEL_2
PB5.GPIO_Label=T_DO
PE12.PinAttribute=Free
FATFS._FS_RPATH=2
SPI2.Direction=SPI_DIRECTION_2LINES_TXONLY
PC5.Signal=ADCx_INN4
PD6.Signal=USART2_RX
SPI1.BaudRatePrescaler=SPI_BAUDRATEPRESCALER_2
PE12.Locked=true
RCC.Tim2OutputFreq_Value=239062500
RCC.DFSDMACLkFreq_Value=39843750
PB15.Locked=true
PA2.Locked=true
PB3\ (JTDO/TRACESWO).GPIO_Label=T_CLK
CORTEX_M7.CPU_ICache=Enabled
PA7.Mode=TX_Only_Simplex_Unidirect_Master
PA13\ (JTMS/SWDIO).Mode=Serial_Wire
PE14.GPIOParameters=GPIO_Speed
ProjectManager.NoMain=false
SPI1.IPParameters=VirtualType,Mode,Direction,BaudRatePrescaler,CalculateBaudRate,DataSize,VirtualNSS
SPI4.DataSize=SPI_DATASIZE_8BIT
PD6.PinAttribute=Free
RCC.SAI4BCLockSelection=RCC_SAI4BCLKSOURCE_PLL
NVIC.SavedSvcallIrqHandlerGenerated=true
FATFS._USE_MUTEX=1
PC11.Signal=SDMMC1_D3
RCC.DSITX_Div=4
RCC.SAI4BFreq_Value=39843750
PC8.Signal=SDMMC1_D0
PC4.Signal=ADCx_INP4
PC10.Mode=SD_4_bits_Wide_bus
SH.S_TIM2_ETR.ConfNb=1
RCC.D2PPRE2=RCC_APB2_DIV2
RCC.D2PPRE1=RCC_APB1_DIV2
RCC.EXTERNAL_CLOCK_VALUE=12288000
ProjectManager.DefaultFWLocation=true
PD5.Signal=USART2_TX
ProjectManager.DeletePrevious=true
RCC.Cortex_DivARG=SystemCoreClock/1000
RCC.FamilyName=M
PH1-OSC_OUT\ (PH1).Signal=RCC_OSC_OUT
TIM5.AutoReloadPreload=TIM_AUTORELOAD_PRELOAD_DISABLE
RCC.DSITXEscFreq_Value=20000000
RCC.SPI6Freq_Value=119531250
FATFS.IPParameters=_STRF_ENCODE,_USE_LFN,_CODE_PAGE,_FS_RPATH,_USE_MUTEX,_FS_LOCK
USART1.VirtualMode-Asynchronous=VM_ASYNC
RCC.PLL3_VCO_SEL=RCC_PLL3VCOMEDIUM
CORTEX_M7.MPU_Control=__NULL
PB4\ (NJTRST).GPIOParameters=GPIO_Label
PC0.GPIO_Speed=GPIO_SPEED_FREQ_VERY_HIGH
RCC.SPI45Freq_Value=18750000
PB3\ (JTDO/TRACESWO).Locked=true
PB3\ (JTDO/TRACESWO).Signal=GPIO_Output
ProjectManager.TargetToolchain=STM32CubeIDE
PC15-OSC32_OUT\ (OSC32_OUT).Signal=RCC_OSC32_OUT
RCC.VCO1OutputFreq_Value=956250000
PC3_C.Locked=true
FATFS._CODE_PAGE=936
RCC.SPI6CLockSelection=RCC_SPI6CLKSOURCE_D3PCLK1
PE11.PinAttribute=Free
PB7.GPIOParameters=GPIO_Label
RCC.AXIClockFreq_Value=239062500
ADC1.Channel-1\#ChannelRegularConversion=ADC_CHANNEL_4
RCC.LPTIM1CLockSelection=RCC_LPTIM1CLKSOURCE_D2PCLK1
SPI2.IPParameters=VirtualType,Mode,Direction,CalculateBaudRate,DataSize,FirstBit,BaudRatePrescaler
ProjectManager.RegisterCallBack=
RCC.SWPCLockSelection=RCC_SWPMI1CLKSOURCE_D2PCLK1
RCC.USBFreq_Value=39843750
PE11.Signal=GPIO_Output
PA1.Signal=GPIO_Output
RCC.CKPERFreq_Value=64000000
PB1.Locked=true
VP_FATFS_VS_Generic.Mode=User_defined
PD2.Mode=SD_4_bits_Wide_bus
FATFS._STRF_ENCODE=3
board=custom
PB15.Mode=Asynchronous
RCC.VCOInput1Freq_Value=6250000
NVIC.SavedSystickIrqHandlerGenerated=true
VP_SYS_VS_tim4.Signal=SYS_VS_tim4
RCC.APB2Freq_Value=119531250
ADC1.SingleDiff-1\#ChannelRegularConversion=ADC_DIFFERENTIAL_ENDED
TIM1.OCNPolarity_2=TIM_OCNPOLARITY_LOW
MxCube.Version=6.2.1
PC13.GPIOParameters=GPIO_PuPd,GPIO_Label
RCC.FDCANFreq_Value=39843750
RCC.PLLDSINDIV=20
PA1.GPIO_Speed=GPIO_SPEED_FREQ_VERY_HIGH
PE14.Mode=Simplex_Bidirectional_Master
RCC.ADCFreq_Value=37500000
RCC.PLLDSIODF=DSI_PLL_OUT_DIV1
SPI4.CalculateBaudRate=9.375 MBits/s
RCC.CSI_VALUE=4000000
RCC.PLLDSIMult=2
RCC.IPParameters=ADCCLockSelection,ADCFreq_Value,AHB12Freq_Value,AHB4Freq_Value,APB1Freq_Value,APB2Freq_Value,APB3Freq_Value,APB4Freq_Value,AXIClockFreq_Value,CECCLockSelection,CECFreq_Value,CKPERFreq_Value,CKPERSourceSelection,CSI_VALUE,CortexFreq_Value,Cortex_DivARG,CpuClockFreq_Value,D1CPREFreq_Value,D1PPRE,D2PPRE1,D2PPRE2,D3PPRE,DFSDMACLkFreq_Value,DFSDMCLockSelection,DFSDMFreq_Value,DIVM1,DIVM2,DIVM3,DIVN1,DIVN2,DIVN3,DIVP1Freq_Value,DIVP2,DIVP2Freq_Value,DIVP3Freq_Value,DIVQ1,DIVQ1Freq_Value,DIVQ2Freq_Value,DIVQ3,DIVQ3Freq_Value,DIVR1Freq_Value,DIVR2,DIVR2Freq_Value,DIVR3Freq_Value,DSICLockSelection,DSIFreq_Value,DSIPHYCLKFreq_Value,DSIPHY_Div,DSITXEscFreq_Value,DSITX_Div,DSI_PHY_VALUE,EXTERNAL_CLOCK_VALUE,FDCANCLockSelection,FDCANFreq_Value,FLatency-AdvancedSettings,FMCCLockSelection,FMCFreq_Value,FamilyName,HCLK3ClockFreq_Value,HCLKFreq_Value,HPRE,HRTIMFreq_Value,HSE_VALUE,HSI_VALUE,I2C123CLockSelection,I2C123Freq_Value,I2C4CLockSelection,I2C4Freq_Value,LPTIM1CLockSelection,LPTIM1Freq_Value,LPTIM2CLockSelection,LPTIM2Freq_Value,LPTIM345CLockSelection,LPTIM345Freq_Value,LPUART1CLockSelection,LPUART1Freq_Value,LSI_VALUE,LTDCFreq_Value,MCO1PinFreq_Value,MCO2PinFreq_Value,PLL1_VCI_Range-AdvancedSettings,PLL1_VCO_SEL-AdvancedSettings,PLL2_VCI_Range,PLL2_VCI_Range-AdvancedSettings,PLL2_VCO_SEL-AdvancedSettings,PLL3_VCI_Range,PLL3_VCI_Range-AdvancedSettings,PLL3_VCO_SEL,PLLDSIDev,PLLDSIFreq_Value,PLLDSIIDF,PLLDSIMult,PLLDSINDIV,PLLDSIODF,PLLDSIVCOFreq_Value,QSPICLockSelection,QSPIFreq_Value,RC48_VALUE,RCC_MCO1Source,RCC_MCO2Source,RNGCLockSelection,RNGFreq_Value,RTCFreq_Value,SAI1CLockSelection,SAI1Freq_Value,SAI23CLockSelection,SAI23Freq_Value,SAI4ACLockSelection,SAI4AFreq_Value,SAI4BCLockSelection,SAI4BFreq_Value,SDMMC1CLockSelection,SDMMCFreq_Value,SPDIFCLockSelection,SPDIFRXFreq_Value,SPI123CLockSelection,SPI123Freq_Value,SPI45Freq_Value,SPI6CLockSelection,SPI6Freq_Value,SWPCLockSelection,SWPMI1Freq_Value,SYSCLKFreq_VALUE,SYSCLKSource,Spi45ClockSelection,Tim1OutputFreq_Value,Tim2OutputFreq_Value,TraceFreq_Value,USART16CLockSelection,USART16Freq_Value,USART234578CLockSelection,USART234578Freq_Value,USBFreq_Value,VCO1OutputFreq_Value,VCO2OutputFreq_Value,VCO3OutputFreq_Value,VCOInput1Freq_Value,VCOInput2Freq_Value,VCOInput3Freq_Value,WatchDogFreq_Value
PE11.Locked=true
ProjectManager.AskForMigrate=true
Mcu.Name=STM32H743VITx
RCC.PLL3_VCI_Range-AdvancedSettings=RCC_PLL3VCIRANGE_3
PE12.Signal=SPI4_SCK
NVIC.OTG_FS_EP1_OUT_IRQn=true\:5\:0\:false\:false\:true\:true\:true\:true
NVIC.SavedPendsvIrqHandlerGenerated=true
PA2.Signal=GPIO_Output
Mcu.IP8=RCC
VP_FREERTOS_VS_CMSIS_V2.Signal=FREERTOS_VS_CMSIS_V2
Mcu.IP9=SDMMC1
Mcu.IP6=LIBJPEG
Mcu.IP7=NVIC
ProjectManager.CoupleFile=true
RCC.SYSCLKFreq_VALUE=478125000
RCC.I2C123Freq_Value=119531250
PA1.Locked=true
SH.S_TIM2_ETR.0=TIM2_ETR,ClockSourceETR_Mode2
PA12.Mode=Host_Only
KeepUserPlacement=false
TIM5.Prescaler=24000-1
PC14-OSC32_IN\ (OSC32_IN).Signal=RCC_OSC32_IN
SPI2.FirstBit=SPI_FIRSTBIT_MSB
RCC.QSPICLockSelection=RCC_QSPICLKSOURCE_D1HCLK
RCC.HSI_VALUE=64000000
PD5.PinAttribute=Free
PA5.GPIO_Speed=GPIO_SPEED_FREQ_VERY_HIGH
RCC.SAI4AFreq_Value=39843750
ADC1.NbrOfConversionFlag=1
PC3_C.Signal=GPIO_Output
PE13.GPIO_Speed=GPIO_SPEED_FREQ_VERY_HIGH
PB7.Locked=true
RCC.DIVQ1Freq_Value=39843750
PC2_C.GPIOParameters=GPIO_Speed,GPIO_Label
PE3.GPIO_Label=E3
RCC.D3PPRE=RCC_APB4_DIV2
TIM5.Period=1000-1
PC9.Signal=SDMMC1_D1
CORTEX_M7.CPU_DCache=Enabled
SDMMC1.IPParameters=ClockDiv
NVIC.TIM4_IRQn=true\:0\:0\:false\:false\:true\:false\:false\:true
RCC.VCOInput2Freq_Value=12500000
RCC.APB1Freq_Value=119531250
VP_CRC_VS_CRC.Mode=CRC_Activate
PB11.Locked=true
ProjectManager.DeviceId=STM32H743VITx
RCC.USART16CLockSelection=RCC_USART16CLKSOURCE_PLL3
ProjectManager.LibraryCopy=1
PB1.GPIOParameters=GPIO_Speed,PinState,GPIO_Label
PA7.Signal=SPI1_MOSI
PB4\ (NJTRST).Signal=GPIO_Output
isbadioc=false
